
Microsoft Visual Studio Solution File, Format Version 12.00
# Visual Studio Version 17
VisualStudioVersion = 17.11.35327.3
MinimumVisualStudioVersion = 10.0.40219.1
Project("{FAE04EC0-301F-11D3-BF4B-00C04F79EFBC}") = "EjemploStruct", "EjemploStruct\EjemploStruct.csproj", "{8F96322D-99DC-40F8-91A0-FB56EB597207}"
EndProject
Project("{FAE04EC0-301F-11D3-BF4B-00C04F79EFBC}") = "EjemploManejoString", "EjemploManejoString\EjemploManejoString.csproj", "{A72C246E-F60C-4E0D-A968-F82E66B967CB}"
EndProject
Global
	GlobalSection(SolutionConfigurationPlatforms) = preSolution
		Debug|Any CPU = Debug|Any CPU
		Release|Any CPU = Release|Any CPU
	EndGlobalSection
	GlobalSection(ProjectConfigurationPlatforms) = postSolution
		{8F96322D-99DC-40F8-91A0-FB56EB597207}.Debug|Any CPU.ActiveCfg = Debug|Any CPU
		{8F96322D-99DC-40F8-91A0-FB56EB597207}.Debug|Any CPU.Build.0 = Debug|Any CPU
		{8F96322D-99DC-40F8-91A0-FB56EB597207}.Release|Any CPU.ActiveCfg = Release|Any CPU
		{8F96322D-99DC-40F8-91A0-FB56EB597207}.Release|Any CPU.Build.0 = Release|Any CPU
		{A72C246E-F60C-4E0D-A968-F82E66B967CB}.Debug|Any CPU.ActiveCfg = Debug|Any CPU
		{A72C246E-F60C-4E0D-A968-F82E66B967CB}.Debug|Any CPU.Build.0 = Debug|Any CPU
		{A72C246E-F60C-4E0D-A968-F82E66B967CB}.Release|Any CPU.ActiveCfg = Release|Any CPU
		{A72C246E-F60C-4E0D-A968-F82E66B967CB}.Release|Any CPU.Build.0 = Release|Any CPU
	EndGlobalSection
	GlobalSection(SolutionProperties) = preSolution
		HideSolutionNode = FALSE
	EndGlobalSection
	GlobalSection(ExtensibilityGlobals) = postSolution
		SolutionGuid = {2479B22C-4574-4446-AF7A-17149EF3CC85}
	EndGlobalSection
EndGlobal
